
Microsoft Visual Studio Solution File, Format Version 12.00
# Visual Studio Version 17
VisualStudioVersion = 17.9.34616.47
MinimumVisualStudioVersion = 10.0.40219.1
Project("{9A19103F-16F7-4668-BE54-9A1E7A4F7556}") = "heat-production-optimization", "heat-production-optimization\heat-production-optimization.csproj", "{D2AB0C52-0318-480D-BCB1-0A271EC8AA1A}"
EndProject
Global
	GlobalSection(SolutionConfigurationPlatforms) = preSolution
		Debug|Any CPU = Debug|Any CPU
		Release|Any CPU = Release|Any CPU
	EndGlobalSection
	GlobalSection(ProjectConfigurationPlatforms) = postSolution
		{D2AB0C52-0318-480D-BCB1-0A271EC8AA1A}.Debug|Any CPU.ActiveCfg = Debug|Any CPU
		{D2AB0C52-0318-480D-BCB1-0A271EC8AA1A}.Debug|Any CPU.Build.0 = Debug|Any CPU
		{D2AB0C52-0318-480D-BCB1-0A271EC8AA1A}.Release|Any CPU.ActiveCfg = Release|Any CPU
		{D2AB0C52-0318-480D-BCB1-0A271EC8AA1A}.Release|Any CPU.Build.0 = Release|Any CPU
	EndGlobalSection
	GlobalSection(SolutionProperties) = preSolution
		HideSolutionNode = FALSE
	EndGlobalSection
	GlobalSection(ExtensibilityGlobals) = postSolution
		SolutionGuid = {8BED4860-210D-49B9-87AE-3C763461F018}
	EndGlobalSection
EndGlobal
